
Microsoft Visual Studio Solution File, Format Version 12.00
# Visual Studio Version 16
VisualStudioVersion = 16.0.31613.86
MinimumVisualStudioVersion = 10.0.40219.1
Project("{FAE04EC0-301F-11D3-BF4B-00C04F79EFBC}") = "AccessModifireDemo", "AccessModifireDemo.csproj", "{AB64E299-2953-4D84-82E1-B38E101F3BB2}"
EndProject
Global
	GlobalSection(SolutionConfigurationPlatforms) = preSolution
		Debug|Any CPU = Debug|Any CPU
		Release|Any CPU = Release|Any CPU
	EndGlobalSection
	GlobalSection(ProjectConfigurationPlatforms) = postSolution
		{AB64E299-2953-4D84-82E1-B38E101F3BB2}.Debug|Any CPU.ActiveCfg = Debug|Any CPU
		{AB64E299-2953-4D84-82E1-B38E101F3BB2}.Debug|Any CPU.Build.0 = Debug|Any CPU
		{AB64E299-2953-4D84-82E1-B38E101F3BB2}.Release|Any CPU.ActiveCfg = Release|Any CPU
		{AB64E299-2953-4D84-82E1-B38E101F3BB2}.Release|Any CPU.Build.0 = Release|Any CPU
	EndGlobalSection
	GlobalSection(SolutionProperties) = preSolution
		HideSolutionNode = FALSE
	EndGlobalSection
	GlobalSection(ExtensibilityGlobals) = postSolution
		SolutionGuid = {9245D951-6460-4527-B5E9-EFBD14DAC951}
	EndGlobalSection
EndGlobal
